
Microsoft Visual Studio Solution File, Format Version 12.00
# Visual Studio Version 17
VisualStudioVersion = 17.9.34310.174
MinimumVisualStudioVersion = 10.0.40219.1
Project("{9A19103F-16F7-4668-BE54-9A1E7A4F7556}") = "StatisticService", "StatisticService\StatisticService.csproj", "{BFE03FEB-BD9E-4C11-B3D1-CAE766FFB8DA}"
EndProject
Project("{FAE04EC0-301F-11D3-BF4B-00C04F79EFBC}") = "StatisticServiceApi", "StatisticServiceApi\StatisticServiceApi.csproj", "{C18ECEC4-B1D5-4694-8784-10ABBA8F33A7}"
EndProject
Global
	GlobalSection(SolutionConfigurationPlatforms) = preSolution
		Debug|Any CPU = Debug|Any CPU
		Release|Any CPU = Release|Any CPU
	EndGlobalSection
	GlobalSection(ProjectConfigurationPlatforms) = postSolution
		{BFE03FEB-BD9E-4C11-B3D1-CAE766FFB8DA}.Debug|Any CPU.ActiveCfg = Debug|Any CPU
		{BFE03FEB-BD9E-4C11-B3D1-CAE766FFB8DA}.Debug|Any CPU.Build.0 = Debug|Any CPU
		{BFE03FEB-BD9E-4C11-B3D1-CAE766FFB8DA}.Release|Any CPU.ActiveCfg = Release|Any CPU
		{BFE03FEB-BD9E-4C11-B3D1-CAE766FFB8DA}.Release|Any CPU.Build.0 = Release|Any CPU
		{C18ECEC4-B1D5-4694-8784-10ABBA8F33A7}.Debug|Any CPU.ActiveCfg = Debug|Any CPU
		{C18ECEC4-B1D5-4694-8784-10ABBA8F33A7}.Debug|Any CPU.Build.0 = Debug|Any CPU
		{C18ECEC4-B1D5-4694-8784-10ABBA8F33A7}.Release|Any CPU.ActiveCfg = Release|Any CPU
		{C18ECEC4-B1D5-4694-8784-10ABBA8F33A7}.Release|Any CPU.Build.0 = Release|Any CPU
	EndGlobalSection
	GlobalSection(SolutionProperties) = preSolution
		HideSolutionNode = FALSE
	EndGlobalSection
	GlobalSection(ExtensibilityGlobals) = postSolution
		SolutionGuid = {0CC181CE-321B-4B36-9336-8C5D15070C55}
	EndGlobalSection
EndGlobal
